
Microsoft Visual Studio Solution File, Format Version 12.00
# Visual Studio Version 17
VisualStudioVersion = 17.12.35514.174 d17.12
MinimumVisualStudioVersion = 10.0.40219.1
Project("{FAE04EC0-301F-11D3-BF4B-00C04F79EFBC}") = "Finan.API", "Finan.API\Finan.API.csproj", "{7F02F060-7C64-472B-AC53-E5EACC34A0DA}"
EndProject
Project("{2150E333-8FDC-42A3-9474-1A3956D46DE8}") = "src", "src", "{A70D37C3-B3DB-4593-9E7F-620269310D22}"
EndProject
Project("{2150E333-8FDC-42A3-9474-1A3956D46DE8}") = "Core", "Core", "{C6081467-BCBC-4C0E-8236-44F02EA9A823}"
EndProject
Project("{2150E333-8FDC-42A3-9474-1A3956D46DE8}") = "Host", "Host", "{95E2BF57-AE85-4EEF-9B2B-1FC8FB8BC23A}"
EndProject
Project("{2150E333-8FDC-42A3-9474-1A3956D46DE8}") = "Infrastructure", "Infrastructure", "{2CE857D6-BE63-4054-9E92-5A044F33F760}"
EndProject
Project("{FAE04EC0-301F-11D3-BF4B-00C04F79EFBC}") = "Finan.API.Persistence", "Finan.API.Persistence\Finan.API.Persistence.csproj", "{1BF3C02E-3F02-44BE-BABB-5AC375056936}"
EndProject
Project("{FAE04EC0-301F-11D3-BF4B-00C04F79EFBC}") = "Finan.API.Domain", "Finan.API.Domain\Finan.API.Domain.csproj", "{945001A4-8ABB-46E9-AB1D-1252560EC26A}"
EndProject
Project("{FAE04EC0-301F-11D3-BF4B-00C04F79EFBC}") = "Finan.API.Application", "Finan.API.Application\Finan.API.Application.csproj", "{7A310273-0CE8-48DF-A8D1-7A480A6933A4}"
EndProject
Global
	GlobalSection(SolutionConfigurationPlatforms) = preSolution
		Debug|Any CPU = Debug|Any CPU
		Release|Any CPU = Release|Any CPU
	EndGlobalSection
	GlobalSection(ProjectConfigurationPlatforms) = postSolution
		{7F02F060-7C64-472B-AC53-E5EACC34A0DA}.Debug|Any CPU.ActiveCfg = Debug|Any CPU
		{7F02F060-7C64-472B-AC53-E5EACC34A0DA}.Debug|Any CPU.Build.0 = Debug|Any CPU
		{7F02F060-7C64-472B-AC53-E5EACC34A0DA}.Release|Any CPU.ActiveCfg = Release|Any CPU
		{7F02F060-7C64-472B-AC53-E5EACC34A0DA}.Release|Any CPU.Build.0 = Release|Any CPU
		{1BF3C02E-3F02-44BE-BABB-5AC375056936}.Debug|Any CPU.ActiveCfg = Debug|Any CPU
		{1BF3C02E-3F02-44BE-BABB-5AC375056936}.Debug|Any CPU.Build.0 = Debug|Any CPU
		{1BF3C02E-3F02-44BE-BABB-5AC375056936}.Release|Any CPU.ActiveCfg = Release|Any CPU
		{1BF3C02E-3F02-44BE-BABB-5AC375056936}.Release|Any CPU.Build.0 = Release|Any CPU
		{945001A4-8ABB-46E9-AB1D-1252560EC26A}.Debug|Any CPU.ActiveCfg = Debug|Any CPU
		{945001A4-8ABB-46E9-AB1D-1252560EC26A}.Debug|Any CPU.Build.0 = Debug|Any CPU
		{945001A4-8ABB-46E9-AB1D-1252560EC26A}.Release|Any CPU.ActiveCfg = Release|Any CPU
		{945001A4-8ABB-46E9-AB1D-1252560EC26A}.Release|Any CPU.Build.0 = Release|Any CPU
		{7A310273-0CE8-48DF-A8D1-7A480A6933A4}.Debug|Any CPU.ActiveCfg = Debug|Any CPU
		{7A310273-0CE8-48DF-A8D1-7A480A6933A4}.Debug|Any CPU.Build.0 = Debug|Any CPU
		{7A310273-0CE8-48DF-A8D1-7A480A6933A4}.Release|Any CPU.ActiveCfg = Release|Any CPU
		{7A310273-0CE8-48DF-A8D1-7A480A6933A4}.Release|Any CPU.Build.0 = Release|Any CPU
	EndGlobalSection
	GlobalSection(SolutionProperties) = preSolution
		HideSolutionNode = FALSE
	EndGlobalSection
	GlobalSection(NestedProjects) = preSolution
		{7F02F060-7C64-472B-AC53-E5EACC34A0DA} = {95E2BF57-AE85-4EEF-9B2B-1FC8FB8BC23A}
		{C6081467-BCBC-4C0E-8236-44F02EA9A823} = {A70D37C3-B3DB-4593-9E7F-620269310D22}
		{95E2BF57-AE85-4EEF-9B2B-1FC8FB8BC23A} = {A70D37C3-B3DB-4593-9E7F-620269310D22}
		{2CE857D6-BE63-4054-9E92-5A044F33F760} = {A70D37C3-B3DB-4593-9E7F-620269310D22}
		{1BF3C02E-3F02-44BE-BABB-5AC375056936} = {2CE857D6-BE63-4054-9E92-5A044F33F760}
		{945001A4-8ABB-46E9-AB1D-1252560EC26A} = {C6081467-BCBC-4C0E-8236-44F02EA9A823}
		{7A310273-0CE8-48DF-A8D1-7A480A6933A4} = {C6081467-BCBC-4C0E-8236-44F02EA9A823}
	EndGlobalSection
EndGlobal
